
Microsoft Visual Studio Solution File, Format Version 12.00
# Visual Studio Version 16
VisualStudioVersion = 16.0.31025.194
MinimumVisualStudioVersion = 10.0.40219.1
Project("{FAE04EC0-301F-11D3-BF4B-00C04F79EFBC}") = "Application", "Application\Application.csproj", "{36D2F2F0-20F0-4C4B-B976-5F1BA60B6821}"
EndProject
Global
	GlobalSection(SolutionConfigurationPlatforms) = preSolution
		Debug|Any CPU = Debug|Any CPU
		Release|Any CPU = Release|Any CPU
	EndGlobalSection
	GlobalSection(ProjectConfigurationPlatforms) = postSolution
		{36D2F2F0-20F0-4C4B-B976-5F1BA60B6821}.Debug|Any CPU.ActiveCfg = Debug|Any CPU
		{36D2F2F0-20F0-4C4B-B976-5F1BA60B6821}.Debug|Any CPU.Build.0 = Debug|Any CPU
		{36D2F2F0-20F0-4C4B-B976-5F1BA60B6821}.Debug|Any CPU.Deploy.0 = Debug|Any CPU
		{36D2F2F0-20F0-4C4B-B976-5F1BA60B6821}.Release|Any CPU.ActiveCfg = Release|Any CPU
		{36D2F2F0-20F0-4C4B-B976-5F1BA60B6821}.Release|Any CPU.Build.0 = Release|Any CPU
		{36D2F2F0-20F0-4C4B-B976-5F1BA60B6821}.Release|Any CPU.Deploy.0 = Release|Any CPU
	EndGlobalSection
	GlobalSection(SolutionProperties) = preSolution
		HideSolutionNode = FALSE
	EndGlobalSection
	GlobalSection(ExtensibilityGlobals) = postSolution
		SolutionGuid = {329D68C8-B626-481D-8F0F-4A26021CF78C}
	EndGlobalSection
EndGlobal
